// !$*UTF8*$!
{
	archiveVersion = 1;
	classes = {
	};
	objectVersion = 56;
	objects = {

/* Begin PBXBuildFile section */
		4F4292EF2A4DE04B00F66569 /* AppDelegate.swift in Sources */ = {isa = PBXBuildFile; fileRef = 4F4292EE2A4DE04B00F66569 /* AppDelegate.swift */; };
		4F4292F12A4DE04B00F66569 /* SceneDelegate.swift in Sources */ = {isa = PBXBuildFile; fileRef = 4F4292F02A4DE04B00F66569 /* SceneDelegate.swift */; };
		4F4292F32A4DE04B00F66569 /* WeirdHatCameraViewController.swift in Sources */ = {isa = PBXBuildFile; fileRef = 4F4292F22A4DE04B00F66569 /* WeirdHatCameraViewController.swift */; };
		4F4292F62A4DE04B00F66569 /* Main.storyboard in Resources */ = {isa = PBXBuildFile; fileRef = 4F4292F42A4DE04B00F66569 /* Main.storyboard */; };
		4F4292F82A4DE04C00F66569 /* Assets.xcassets in Resources */ = {isa = PBXBuildFile; fileRef = 4F4292F72A4DE04C00F66569 /* Assets.xcassets */; };
		4F4292FB2A4DE04C00F66569 /* LaunchScreen.storyboard in Resources */ = {isa = PBXBuildFile; fileRef = 4F4292F92A4DE04C00F66569 /* LaunchScreen.storyboard */; };
		4F4293062A4DE04C00F66569 /* WeirdHatTests.swift in Sources */ = {isa = PBXBuildFile; fileRef = 4F4293052A4DE04C00F66569 /* WeirdHatTests.swift */; };
		4FC64C012A4E2E5100F5C0A3 /* AVCaptureSessionCameraPreview.swift in Sources */ = {isa = PBXBuildFile; fileRef = 4FC64C002A4E2E5100F5C0A3 /* AVCaptureSessionCameraPreview.swift */; };
/* End PBXBuildFile section */

/* Begin PBXContainerItemProxy section */
		4F4293022A4DE04C00F66569 /* PBXContainerItemProxy */ = {
			isa = PBXContainerItemProxy;
			containerPortal = 4F4292E32A4DE04B00F66569 /* Project object */;
			proxyType = 1;
			remoteGlobalIDString = 4F4292EA2A4DE04B00F66569;
			remoteInfo = WeirdHat;
		};
/* End PBXContainerItemProxy section */

/* Begin PBXFileReference section */
		4F4292EB2A4DE04B00F66569 /* WeirdHat.app */ = {isa = PBXFileReference; explicitFileType = wrapper.application; includeInIndex = 0; path = WeirdHat.app; sourceTree = BUILT_PRODUCTS_DIR; };
		4F4292EE2A4DE04B00F66569 /* AppDelegate.swift */ = {isa = PBXFileReference; lastKnownFileType = sourcecode.swift; path = AppDelegate.swift; sourceTree = "<group>"; };
		4F4292F02A4DE04B00F66569 /* SceneDelegate.swift */ = {isa = PBXFileReference; lastKnownFileType = sourcecode.swift; path = SceneDelegate.swift; sourceTree = "<group>"; };
		4F4292F22A4DE04B00F66569 /* WeirdHatCameraViewController.swift */ = {isa = PBXFileReference; lastKnownFileType = sourcecode.swift; path = WeirdHatCameraViewController.swift; sourceTree = "<group>"; };
		4F4292F52A4DE04B00F66569 /* Base */ = {isa = PBXFileReference; lastKnownFileType = file.storyboard; name = Base; path = Base.lproj/Main.storyboard; sourceTree = "<group>"; };
		4F4292F72A4DE04C00F66569 /* Assets.xcassets */ = {isa = PBXFileReference; lastKnownFileType = folder.assetcatalog; path = Assets.xcassets; sourceTree = "<group>"; };
		4F4292FA2A4DE04C00F66569 /* Base */ = {isa = PBXFileReference; lastKnownFileType = file.storyboard; name = Base; path = Base.lproj/LaunchScreen.storyboard; sourceTree = "<group>"; };
		4F4292FC2A4DE04C00F66569 /* Info.plist */ = {isa = PBXFileReference; lastKnownFileType = text.plist.xml; path = Info.plist; sourceTree = "<group>"; };
		4F4293012A4DE04C00F66569 /* WeirdHatTests.xctest */ = {isa = PBXFileReference; explicitFileType = wrapper.cfbundle; includeInIndex = 0; path = WeirdHatTests.xctest; sourceTree = BUILT_PRODUCTS_DIR; };
		4F4293052A4DE04C00F66569 /* WeirdHatTests.swift */ = {isa = PBXFileReference; lastKnownFileType = sourcecode.swift; path = WeirdHatTests.swift; sourceTree = "<group>"; };
		4FC64C002A4E2E5100F5C0A3 /* AVCaptureSessionCameraPreview.swift */ = {isa = PBXFileReference; lastKnownFileType = sourcecode.swift; path = AVCaptureSessionCameraPreview.swift; sourceTree = "<group>"; };
/* End PBXFileReference section */

/* Begin PBXFrameworksBuildPhase section */
		4F4292E82A4DE04B00F66569 /* Frameworks */ = {
			isa = PBXFrameworksBuildPhase;
			buildActionMask = 2147483647;
			files = (
			);
			runOnlyForDeploymentPostprocessing = 0;
		};
		4F4292FE2A4DE04C00F66569 /* Frameworks */ = {
			isa = PBXFrameworksBuildPhase;
			buildActionMask = 2147483647;
			files = (
			);
			runOnlyForDeploymentPostprocessing = 0;
		};
/* End PBXFrameworksBuildPhase section */

/* Begin PBXGroup section */
		4F4292E22A4DE04B00F66569 = {
			isa = PBXGroup;
			children = (
				4F4292ED2A4DE04B00F66569 /* WeirdHat */,
				4F4293042A4DE04C00F66569 /* WeirdHatTests */,
				4F4292EC2A4DE04B00F66569 /* Products */,
			);
			sourceTree = "<group>";
		};
		4F4292EC2A4DE04B00F66569 /* Products */ = {
			isa = PBXGroup;
			children = (
				4F4292EB2A4DE04B00F66569 /* WeirdHat.app */,
				4F4293012A4DE04C00F66569 /* WeirdHatTests.xctest */,
			);
			name = Products;
			sourceTree = "<group>";
		};
		4F4292ED2A4DE04B00F66569 /* WeirdHat */ = {
			isa = PBXGroup;
			children = (
				4FC64BFF2A4E2E3E00F5C0A3 /* Camera Preview Feature */,
				4FC64C022A4E2E9100F5C0A3 /* Camera Preview UI */,
				4F4292EE2A4DE04B00F66569 /* AppDelegate.swift */,
				4F4292F02A4DE04B00F66569 /* SceneDelegate.swift */,
				4F4292F42A4DE04B00F66569 /* Main.storyboard */,
				4F4292F72A4DE04C00F66569 /* Assets.xcassets */,
				4F4292F92A4DE04C00F66569 /* LaunchScreen.storyboard */,
				4F4292FC2A4DE04C00F66569 /* Info.plist */,
			);
			path = WeirdHat;
			sourceTree = "<group>";
		};
		4F4293042A4DE04C00F66569 /* WeirdHatTests */ = {
			isa = PBXGroup;
			children = (
				4F4293052A4DE04C00F66569 /* WeirdHatTests.swift */,
			);
			path = WeirdHatTests;
			sourceTree = "<group>";
		};
		4FC64BFF2A4E2E3E00F5C0A3 /* Camera Preview Feature */ = {
			isa = PBXGroup;
			children = (
				4FC64C002A4E2E5100F5C0A3 /* AVCaptureSessionCameraPreview.swift */,
			);
			path = "Camera Preview Feature";
			sourceTree = "<group>";
		};
		4FC64C022A4E2E9100F5C0A3 /* Camera Preview UI */ = {
			isa = PBXGroup;
			children = (
				4F4292F22A4DE04B00F66569 /* WeirdHatCameraViewController.swift */,
			);
			path = "Camera Preview UI";
			sourceTree = "<group>";
		};
/* End PBXGroup section */

/* Begin PBXNativeTarget section */
		4F4292EA2A4DE04B00F66569 /* WeirdHat */ = {
			isa = PBXNativeTarget;
			buildConfigurationList = 4F4293152A4DE04C00F66569 /* Build configuration list for PBXNativeTarget "WeirdHat" */;
			buildPhases = (
				4F4292E72A4DE04B00F66569 /* Sources */,
				4F4292E82A4DE04B00F66569 /* Frameworks */,
				4F4292E92A4DE04B00F66569 /* Resources */,
			);
			buildRules = (
			);
			dependencies = (
			);
			name = WeirdHat;
			productName = WeirdHat;
			productReference = 4F4292EB2A4DE04B00F66569 /* WeirdHat.app */;
			productType = "com.apple.product-type.application";
		};
		4F4293002A4DE04C00F66569 /* WeirdHatTests */ = {
			isa = PBXNativeTarget;
			buildConfigurationList = 4F4293182A4DE04C00F66569 /* Build configuration list for PBXNativeTarget "WeirdHatTests" */;
			buildPhases = (
				4F4292FD2A4DE04C00F66569 /* Sources */,
				4F4292FE2A4DE04C00F66569 /* Frameworks */,
				4F4292FF2A4DE04C00F66569 /* Resources */,
			);
			buildRules = (
			);
			dependencies = (
				4F4293032A4DE04C00F66569 /* PBXTargetDependency */,
			);
			name = WeirdHatTests;
			productName = WeirdHatTests;
			productReference = 4F4293012A4DE04C00F66569 /* WeirdHatTests.xctest */;
			productType = "com.apple.product-type.bundle.unit-test";
		};
/* End PBXNativeTarget section */

/* Begin PBXProject section */
		4F4292E32A4DE04B00F66569 /* Project object */ = {
			isa = PBXProject;
			attributes = {
				BuildIndependentTargetsInParallel = 1;
				LastSwiftUpdateCheck = 1430;
				LastUpgradeCheck = 1430;
				TargetAttributes = {
					4F4292EA2A4DE04B00F66569 = {
						CreatedOnToolsVersion = 14.3.1;
					};
					4F4293002A4DE04C00F66569 = {
						CreatedOnToolsVersion = 14.3.1;
						TestTargetID = 4F4292EA2A4DE04B00F66569;
					};
				};
			};
			buildConfigurationList = 4F4292E62A4DE04B00F66569 /* Build configuration list for PBXProject "WeirdHat" */;
			compatibilityVersion = "Xcode 14.0";
			developmentRegion = en;
			hasScannedForEncodings = 0;
			knownRegions = (
				en,
				Base,
			);
			mainGroup = 4F4292E22A4DE04B00F66569;
			productRefGroup = 4F4292EC2A4DE04B00F66569 /* Products */;
			projectDirPath = "";
			projectRoot = "";
			targets = (
				4F4292EA2A4DE04B00F66569 /* WeirdHat */,
				4F4293002A4DE04C00F66569 /* WeirdHatTests */,
			);
		};
/* End PBXProject section */

/* Begin PBXResourcesBuildPhase section */
		4F4292E92A4DE04B00F66569 /* Resources */ = {
			isa = PBXResourcesBuildPhase;
			buildActionMask = 2147483647;
			files = (
				4F4292FB2A4DE04C00F66569 /* LaunchScreen.storyboard in Resources */,
				4F4292F82A4DE04C00F66569 /* Assets.xcassets in Resources */,
				4F4292F62A4DE04B00F66569 /* Main.storyboard in Resources */,
			);
			runOnlyForDeploymentPostprocessing = 0;
		};
		4F4292FF2A4DE04C00F66569 /* Resources */ = {
			isa = PBXResourcesBuildPhase;
			buildActionMask = 2147483647;
			files = (
			);
			runOnlyForDeploymentPostprocessing = 0;
		};
/* End PBXResourcesBuildPhase section */

/* Begin PBXSourcesBuildPhase section */
		4F4292E72A4DE04B00F66569 /* Sources */ = {
			isa = PBXSourcesBuildPhase;
			buildActionMask = 2147483647;
			files = (
				4FC64C012A4E2E5100F5C0A3 /* AVCaptureSessionCameraPreview.swift in Sources */,
				4F4292F32A4DE04B00F66569 /* WeirdHatCameraViewController.swift in Sources */,
				4F4292EF2A4DE04B00F66569 /* AppDelegate.swift in Sources */,
				4F4292F12A4DE04B00F66569 /* SceneDelegate.swift in Sources */,
			);
			runOnlyForDeploymentPostprocessing = 0;
		};
		4F4292FD2A4DE04C00F66569 /* Sources */ = {
			isa = PBXSourcesBuildPhase;
			buildActionMask = 2147483647;
			files = (
				4F4293062A4DE04C00F66569 /* WeirdHatTests.swift in Sources */,
			);
			runOnlyForDeploymentPostprocessing = 0;
		};
/* End PBXSourcesBuildPhase section */

/* Begin PBXTargetDependency section */
		4F4293032A4DE04C00F66569 /* PBXTargetDependency */ = {
			isa = PBXTargetDependency;
			target = 4F4292EA2A4DE04B00F66569 /* WeirdHat */;
			targetProxy = 4F4293022A4DE04C00F66569 /* PBXContainerItemProxy */;
		};
/* End PBXTargetDependency section */

/* Begin PBXVariantGroup section */
		4F4292F42A4DE04B00F66569 /* Main.storyboard */ = {
			isa = PBXVariantGroup;
			children = (
				4F4292F52A4DE04B00F66569 /* Base */,
			);
			name = Main.storyboard;
			sourceTree = "<group>";
		};
		4F4292F92A4DE04C00F66569 /* LaunchScreen.storyboard */ = {
			isa = PBXVariantGroup;
			children = (
				4F4292FA2A4DE04C00F66569 /* Base */,
			);
			name = LaunchScreen.storyboard;
			sourceTree = "<group>";
		};
/* End PBXVariantGroup section */

/* Begin XCBuildConfiguration section */
		4F4293132A4DE04C00F66569 /* Debug */ = {
			isa = XCBuildConfiguration;
			buildSettings = {
				ALWAYS_SEARCH_USER_PATHS = NO;
				CLANG_ANALYZER_NONNULL = YES;
				CLANG_ANALYZER_NUMBER_OBJECT_CONVERSION = YES_AGGRESSIVE;
				CLANG_CXX_LANGUAGE_STANDARD = "gnu++20";
				CLANG_ENABLE_MODULES = YES;
				CLANG_ENABLE_OBJC_ARC = YES;
				CLANG_ENABLE_OBJC_WEAK = YES;
				CLANG_WARN_BLOCK_CAPTURE_AUTORELEASING = YES;
				CLANG_WARN_BOOL_CONVERSION = YES;
				CLANG_WARN_COMMA = YES;
				CLANG_WARN_CONSTANT_CONVERSION = YES;
				CLANG_WARN_DEPRECATED_OBJC_IMPLEMENTATIONS = YES;
				CLANG_WARN_DIRECT_OBJC_ISA_USAGE = YES_ERROR;
				CLANG_WARN_DOCUMENTATION_COMMENTS = YES;
				CLANG_WARN_EMPTY_BODY = YES;
				CLANG_WARN_ENUM_CONVERSION = YES;
				CLANG_WARN_INFINITE_RECURSION = YES;
				CLANG_WARN_INT_CONVERSION = YES;
				CLANG_WARN_NON_LITERAL_NULL_CONVERSION = YES;
				CLANG_WARN_OBJC_IMPLICIT_RETAIN_SELF = YES;
				CLANG_WARN_OBJC_LITERAL_CONVERSION = YES;
				CLANG_WARN_OBJC_ROOT_CLASS = YES_ERROR;
				CLANG_WARN_QUOTED_INCLUDE_IN_FRAMEWORK_HEADER = YES;
				CLANG_WARN_RANGE_LOOP_ANALYSIS = YES;
				CLANG_WARN_STRICT_PROTOTYPES = YES;
				CLANG_WARN_SUSPICIOUS_MOVE = YES;
				CLANG_WARN_UNGUARDED_AVAILABILITY = YES_AGGRESSIVE;
				CLANG_WARN_UNREACHABLE_CODE = YES;
				CLANG_WARN__DUPLICATE_METHOD_MATCH = YES;
				COPY_PHASE_STRIP = NO;
				DEBUG_INFORMATION_FORMAT = dwarf;
				ENABLE_STRICT_OBJC_MSGSEND = YES;
				ENABLE_TESTABILITY = YES;
				GCC_C_LANGUAGE_STANDARD = gnu11;
				GCC_DYNAMIC_NO_PIC = NO;
				GCC_NO_COMMON_BLOCKS = YES;
				GCC_OPTIMIZATION_LEVEL = 0;
				GCC_PREPROCESSOR_DEFINITIONS = (
					"DEBUG=1",
					"$(inherited)",
				);
				GCC_WARN_64_TO_32_BIT_CONVERSION = YES;
				GCC_WARN_ABOUT_RETURN_TYPE = YES_ERROR;
				GCC_WARN_UNDECLARED_SELECTOR = YES;
				GCC_WARN_UNINITIALIZED_AUTOS = YES_AGGRESSIVE;
				GCC_WARN_UNUSED_FUNCTION = YES;
				GCC_WARN_UNUSED_VARIABLE = YES;
				IPHONEOS_DEPLOYMENT_TARGET = 16.4;
				MTL_ENABLE_DEBUG_INFO = INCLUDE_SOURCE;
				MTL_FAST_MATH = YES;
				ONLY_ACTIVE_ARCH = YES;
				SDKROOT = iphoneos;
				SWIFT_ACTIVE_COMPILATION_CONDITIONS = DEBUG;
				SWIFT_OPTIMIZATION_LEVEL = "-Onone";
			};
			name = Debug;
		};
		4F4293142A4DE04C00F66569 /* Release */ = {
			isa = XCBuildConfiguration;
			buildSettings = {
				ALWAYS_SEARCH_USER_PATHS = NO;
				CLANG_ANALYZER_NONNULL = YES;
				CLANG_ANALYZER_NUMBER_OBJECT_CONVERSION = YES_AGGRESSIVE;
				CLANG_CXX_LANGUAGE_STANDARD = "gnu++20";
				CLANG_ENABLE_MODULES = YES;
				CLANG_ENABLE_OBJC_ARC = YES;
				CLANG_ENABLE_OBJC_WEAK = YES;
				CLANG_WARN_BLOCK_CAPTURE_AUTORELEASING = YES;
				CLANG_WARN_BOOL_CONVERSION = YES;
				CLANG_WARN_COMMA = YES;
				CLANG_WARN_CONSTANT_CONVERSION = YES;
				CLANG_WARN_DEPRECATED_OBJC_IMPLEMENTATIONS = YES;
				CLANG_WARN_DIRECT_OBJC_ISA_USAGE = YES_ERROR;
				CLANG_WARN_DOCUMENTATION_COMMENTS = YES;
				CLANG_WARN_EMPTY_BODY = YES;
				CLANG_WARN_ENUM_CONVERSION = YES;
				CLANG_WARN_INFINITE_RECURSION = YES;
				CLANG_WARN_INT_CONVERSION = YES;
				CLANG_WARN_NON_LITERAL_NULL_CONVERSION = YES;
				CLANG_WARN_OBJC_IMPLICIT_RETAIN_SELF = YES;
				CLANG_WARN_OBJC_LITERAL_CONVERSION = YES;
				CLANG_WARN_OBJC_ROOT_CLASS = YES_ERROR;
				CLANG_WARN_QUOTED_INCLUDE_IN_FRAMEWORK_HEADER = YES;
				CLANG_WARN_RANGE_LOOP_ANALYSIS = YES;
				CLANG_WARN_STRICT_PROTOTYPES = YES;
				CLANG_WARN_SUSPICIOUS_MOVE = YES;
				CLANG_WARN_UNGUARDED_AVAILABILITY = YES_AGGRESSIVE;
				CLANG_WARN_UNREACHABLE_CODE = YES;
				CLANG_WARN__DUPLICATE_METHOD_MATCH = YES;
				COPY_PHASE_STRIP = NO;
				DEBUG_INFORMATION_FORMAT = "dwarf-with-dsym";
				ENABLE_NS_ASSERTIONS = NO;
				ENABLE_STRICT_OBJC_MSGSEND = YES;
				GCC_C_LANGUAGE_STANDARD = gnu11;
				GCC_NO_COMMON_BLOCKS = YES;
				GCC_WARN_64_TO_32_BIT_CONVERSION = YES;
				GCC_WARN_ABOUT_RETURN_TYPE = YES_ERROR;
				GCC_WARN_UNDECLARED_SELECTOR = YES;
				GCC_WARN_UNINITIALIZED_AUTOS = YES_AGGRESSIVE;
				GCC_WARN_UNUSED_FUNCTION = YES;
				GCC_WARN_UNUSED_VARIABLE = YES;
				IPHONEOS_DEPLOYMENT_TARGET = 16.4;
				MTL_ENABLE_DEBUG_INFO = NO;
				MTL_FAST_MATH = YES;
				SDKROOT = iphoneos;
				SWIFT_COMPILATION_MODE = wholemodule;
				SWIFT_OPTIMIZATION_LEVEL = "-O";
				VALIDATE_PRODUCT = YES;
			};
			name = Release;
		};
		4F4293162A4DE04C00F66569 /* Debug */ = {
			isa = XCBuildConfiguration;
			buildSettings = {
				ASSETCATALOG_COMPILER_APPICON_NAME = AppIcon;
				ASSETCATALOG_COMPILER_GLOBAL_ACCENT_COLOR_NAME = AccentColor;
				CODE_SIGN_STYLE = Automatic;
				CURRENT_PROJECT_VERSION = 1;
				DEVELOPMENT_TEAM = TF59LXWJ93;
				GENERATE_INFOPLIST_FILE = YES;
				INFOPLIST_FILE = WeirdHat/Info.plist;
				INFOPLIST_KEY_UIApplicationSupportsIndirectInputEvents = YES;
				INFOPLIST_KEY_UILaunchStoryboardName = LaunchScreen;
				INFOPLIST_KEY_UIMainStoryboardFile = Main;
				INFOPLIST_KEY_UISupportedInterfaceOrientations_iPad = "UIInterfaceOrientationPortrait UIInterfaceOrientationPortraitUpsideDown UIInterfaceOrientationLandscapeLeft UIInterfaceOrientationLandscapeRight";
				INFOPLIST_KEY_UISupportedInterfaceOrientations_iPhone = "UIInterfaceOrientationPortrait UIInterfaceOrientationLandscapeLeft UIInterfaceOrientationLandscapeRight";
				LD_RUNPATH_SEARCH_PATHS = (
					"$(inherited)",
					"@executable_path/Frameworks",
				);
				MARKETING_VERSION = 1.0;
				PRODUCT_BUNDLE_IDENTIFIER = br.com.dyneti.WeirdHat;
				PRODUCT_NAME = "$(TARGET_NAME)";
				SWIFT_EMIT_LOC_STRINGS = YES;
				SWIFT_VERSION = 5.0;
				TARGETED_DEVICE_FAMILY = "1,2";
			};
			name = Debug;
		};
		4F4293172A4DE04C00F66569 /* Release */ = {
			isa = XCBuildConfiguration;
			buildSettings = {
				ASSETCATALOG_COMPILER_APPICON_NAME = AppIcon;
				ASSETCATALOG_COMPILER_GLOBAL_ACCENT_COLOR_NAME = AccentColor;
				CODE_SIGN_STYLE = Automatic;
				CURRENT_PROJECT_VERSION = 1;
				DEVELOPMENT_TEAM = TF59LXWJ93;
				GENERATE_INFOPLIST_FILE = YES;
				INFOPLIST_FILE = WeirdHat/Info.plist;
				INFOPLIST_KEY_UIApplicationSupportsIndirectInputEvents = YES;
				INFOPLIST_KEY_UILaunchStoryboardName = LaunchScreen;
				INFOPLIST_KEY_UIMainStoryboardFile = Main;
				INFOPLIST_KEY_UISupportedInterfaceOrientations_iPad = "UIInterfaceOrientationPortrait UIInterfaceOrientationPortraitUpsideDown UIInterfaceOrientationLandscapeLeft UIInterfaceOrientationLandscapeRight";
				INFOPLIST_KEY_UISupportedInterfaceOrientations_iPhone = "UIInterfaceOrientationPortrait UIInterfaceOrientationLandscapeLeft UIInterfaceOrientationLandscapeRight";
				LD_RUNPATH_SEARCH_PATHS = (
					"$(inherited)",
					"@executable_path/Frameworks",
				);
				MARKETING_VERSION = 1.0;
				PRODUCT_BUNDLE_IDENTIFIER = br.com.dyneti.WeirdHat;
				PRODUCT_NAME = "$(TARGET_NAME)";
				SWIFT_EMIT_LOC_STRINGS = YES;
				SWIFT_VERSION = 5.0;
				TARGETED_DEVICE_FAMILY = "1,2";
			};
			name = Release;
		};
		4F4293192A4DE04C00F66569 /* Debug */ = {
			isa = XCBuildConfiguration;
			buildSettings = {
				ALWAYS_EMBED_SWIFT_STANDARD_LIBRARIES = YES;
				BUNDLE_LOADER = "$(TEST_HOST)";
				CODE_SIGN_STYLE = Automatic;
				CURRENT_PROJECT_VERSION = 1;
				DEVELOPMENT_TEAM = TF59LXWJ93;
				GENERATE_INFOPLIST_FILE = YES;
				IPHONEOS_DEPLOYMENT_TARGET = 16.4;
				MARKETING_VERSION = 1.0;
				PRODUCT_BUNDLE_IDENTIFIER = br.com.dyneti.WeirdHatTests;
				PRODUCT_NAME = "$(TARGET_NAME)";
				SWIFT_EMIT_LOC_STRINGS = NO;
				SWIFT_VERSION = 5.0;
				TARGETED_DEVICE_FAMILY = "1,2";
				TEST_HOST = "$(BUILT_PRODUCTS_DIR)/WeirdHat.app/$(BUNDLE_EXECUTABLE_FOLDER_PATH)/WeirdHat";
			};
			name = Debug;
		};
		4F42931A2A4DE04C00F66569 /* Release */ = {
			isa = XCBuildConfiguration;
			buildSettings = {
				ALWAYS_EMBED_SWIFT_STANDARD_LIBRARIES = YES;
				BUNDLE_LOADER = "$(TEST_HOST)";
				CODE_SIGN_STYLE = Automatic;
				CURRENT_PROJECT_VERSION = 1;
				DEVELOPMENT_TEAM = TF59LXWJ93;
				GENERATE_INFOPLIST_FILE = YES;
				IPHONEOS_DEPLOYMENT_TARGET = 16.4;
				MARKETING_VERSION = 1.0;
				PRODUCT_BUNDLE_IDENTIFIER = br.com.dyneti.WeirdHatTests;
				PRODUCT_NAME = "$(TARGET_NAME)";
				SWIFT_EMIT_LOC_STRINGS = NO;
				SWIFT_VERSION = 5.0;
				TARGETED_DEVICE_FAMILY = "1,2";
				TEST_HOST = "$(BUILT_PRODUCTS_DIR)/WeirdHat.app/$(BUNDLE_EXECUTABLE_FOLDER_PATH)/WeirdHat";
			};
			name = Release;
		};
/* End XCBuildConfiguration section */

/* Begin XCConfigurationList section */
		4F4292E62A4DE04B00F66569 /* Build configuration list for PBXProject "WeirdHat" */ = {
			isa = XCConfigurationList;
			buildConfigurations = (
				4F4293132A4DE04C00F66569 /* Debug */,
				4F4293142A4DE04C00F66569 /* Release */,
			);
			defaultConfigurationIsVisible = 0;
			defaultConfigurationName = Release;
		};
		4F4293152A4DE04C00F66569 /* Build configuration list for PBXNativeTarget "WeirdHat" */ = {
			isa = XCConfigurationList;
			buildConfigurations = (
				4F4293162A4DE04C00F66569 /* Debug */,
				4F4293172A4DE04C00F66569 /* Release */,
			);
			defaultConfigurationIsVisible = 0;
			defaultConfigurationName = Release;
		};
		4F4293182A4DE04C00F66569 /* Build configuration list for PBXNativeTarget "WeirdHatTests" */ = {
			isa = XCConfigurationList;
			buildConfigurations = (
				4F4293192A4DE04C00F66569 /* Debug */,
				4F42931A2A4DE04C00F66569 /* Release */,
			);
			defaultConfigurationIsVisible = 0;
			defaultConfigurationName = Release;
		};
/* End XCConfigurationList section */
	};
	rootObject = 4F4292E32A4DE04B00F66569 /* Project object */;
}
